Microsoft Visual Studio Solution File, Format Version 12.00
# Visual Studio 2012
Project("{FAE04EC0-301F-11D3-BF4B-00C04F79EFBC}") = "RtspH264Client", "rtsp-h264-client\RtspH264Client.csproj", "{12A246E3-4F66-48A4-8896-94EDC6012068}"
EndProject
Project("{FAE04EC0-301F-11D3-BF4B-00C04F79EFBC}") = "RtspClientExample", "example\Example.csproj", "{A72BA05D-0373-4467-BC8A-3C0851B65288}"
EndProject
Global
	GlobalSection(SolutionConfigurationPlatforms) = preSolution
		Debug|Any CPU = Debug|Any CPU
		Release|Any CPU = Release|Any CPU
	EndGlobalSection
	GlobalSection(ProjectConfigurationPlatforms) = postSolution
		{12A246E3-4F66-48A4-8896-94EDC6012068}.Debug|Any CPU.ActiveCfg = Debug|Any CPU
		{12A246E3-4F66-48A4-8896-94EDC6012068}.Debug|Any CPU.Build.0 = Debug|Any CPU
		{12A246E3-4F66-48A4-8896-94EDC6012068}.Release|Any CPU.ActiveCfg = Release|Any CPU
		{12A246E3-4F66-48A4-8896-94EDC6012068}.Release|Any CPU.Build.0 = Release|Any CPU
		{A72BA05D-0373-4467-BC8A-3C0851B65288}.Debug|Any CPU.ActiveCfg = Debug|Any CPU
		{A72BA05D-0373-4467-BC8A-3C0851B65288}.Debug|Any CPU.Build.0 = Debug|Any CPU
		{A72BA05D-0373-4467-BC8A-3C0851B65288}.Release|Any CPU.ActiveCfg = Release|Any CPU
		{A72BA05D-0373-4467-BC8A-3C0851B65288}.Release|Any CPU.Build.0 = Release|Any CPU
	EndGlobalSection
EndGlobal
